
Microsoft Visual Studio Solution File, Format Version 12.00
# Visual Studio Version 16
VisualStudioVersion = 16.0.30204.135
MinimumVisualStudioVersion = 10.0.40219.1
Project("{FAE04EC0-301F-11D3-BF4B-00C04F79EFBC}") = "HelloWorld", "HelloWorld.csproj", "{5515D970-EC37-4F22-81A2-A076706A2715}"
EndProject
Project("{FAE04EC0-301F-11D3-BF4B-00C04F79EFBC}") = "DeviceService", "DeviceService\DeviceService.csproj", "{F85675E2-8A98-4F00-8E4D-32648F63C6BB}"
EndProject
Project("{FAE04EC0-301F-11D3-BF4B-00C04F79EFBC}") = "DeviceDB", "DeviceDB\DeviceDB.csproj", "{9290DA96-B280-4623-9A5B-AE3363873BE3}"
EndProject
Global
	GlobalSection(SolutionConfigurationPlatforms) = preSolution
		Debug|Any CPU = Debug|Any CPU
		Release|Any CPU = Release|Any CPU
	EndGlobalSection
	GlobalSection(ProjectConfigurationPlatforms) = postSolution
		{5515D970-EC37-4F22-81A2-A076706A2715}.Debug|Any CPU.ActiveCfg = Debug|Any CPU
		{5515D970-EC37-4F22-81A2-A076706A2715}.Debug|Any CPU.Build.0 = Debug|Any CPU
		{5515D970-EC37-4F22-81A2-A076706A2715}.Release|Any CPU.ActiveCfg = Release|Any CPU
		{5515D970-EC37-4F22-81A2-A076706A2715}.Release|Any CPU.Build.0 = Release|Any CPU
		{F85675E2-8A98-4F00-8E4D-32648F63C6BB}.Debug|Any CPU.ActiveCfg = Debug|Any CPU
		{F85675E2-8A98-4F00-8E4D-32648F63C6BB}.Debug|Any CPU.Build.0 = Debug|Any CPU
		{F85675E2-8A98-4F00-8E4D-32648F63C6BB}.Release|Any CPU.ActiveCfg = Release|Any CPU
		{F85675E2-8A98-4F00-8E4D-32648F63C6BB}.Release|Any CPU.Build.0 = Release|Any CPU
		{9290DA96-B280-4623-9A5B-AE3363873BE3}.Debug|Any CPU.ActiveCfg = Debug|Any CPU
		{9290DA96-B280-4623-9A5B-AE3363873BE3}.Debug|Any CPU.Build.0 = Debug|Any CPU
		{9290DA96-B280-4623-9A5B-AE3363873BE3}.Release|Any CPU.ActiveCfg = Release|Any CPU
		{9290DA96-B280-4623-9A5B-AE3363873BE3}.Release|Any CPU.Build.0 = Release|Any CPU
	EndGlobalSection
	GlobalSection(SolutionProperties) = preSolution
		HideSolutionNode = FALSE
	EndGlobalSection
	GlobalSection(ExtensibilityGlobals) = postSolution
		SolutionGuid = {3360C1F7-E3F0-47B7-B609-7363DFAC1728}
	EndGlobalSection
EndGlobal
